Microsoft Visual Studio Solution File, Format Version 12.00
# Visual Studio Version 17
VisualStudioVersion = 17.5.2.0
MinimumVisualStudioVersion = 10.0.40219.1
Project("{2150E333-8FDC-42A3-9474-1A3956D46DE8}") = "sample-bots-csharp-0.33.1", "sample-bots-csharp-0.33.1", "{39379059-66B4-EC35-2C49-D3B91CC1A887}"
EndProject
Project("{FAE04EC0-301F-11D3-BF4B-00C04F79EFBC}") = "Corners", "sample-bots-csharp-0.33.1\Corners\Corners.csproj", "{12241248-D0BA-E840-2216-38737530D731}"
EndProject
Project("{FAE04EC0-301F-11D3-BF4B-00C04F79EFBC}") = "Crazy", "sample-bots-csharp-0.33.1\Crazy\Crazy.csproj", "{F3963FDA-351E-1853-63E4-89C4F613DCB5}"
EndProject
Project("{FAE04EC0-301F-11D3-BF4B-00C04F79EFBC}") = "Fire", "sample-bots-csharp-0.33.1\Fire\Fire.csproj", "{615D05F5-6A14-9DD7-5EA6-BB8DA8EDC2CD}"
EndProject
Project("{FAE04EC0-301F-11D3-BF4B-00C04F79EFBC}") = "MyFirstBot", "sample-bots-csharp-0.33.1\MyFirstBot\MyFirstBot.csproj", "{8F0380F0-D802-7411-D55B-EBE249449E79}"
EndProject
Project("{FAE04EC0-301F-11D3-BF4B-00C04F79EFBC}") = "MyFirstDroid", "sample-bots-csharp-0.33.1\MyFirstDroid\MyFirstDroid.csproj", "{00228994-BCFA-3DF5-124A-2F9BE73CE76D}"
EndProject
Project("{FAE04EC0-301F-11D3-BF4B-00C04F79EFBC}") = "MyFirstLeader", "sample-bots-csharp-0.33.1\MyFirstLeader\MyFirstLeader.csproj", "{6571FD84-6B29-C7D1-4BEF-4CCFAF06653A}"
EndProject
Project("{FAE04EC0-301F-11D3-BF4B-00C04F79EFBC}") = "PaintingBot", "sample-bots-csharp-0.33.1\PaintingBot\PaintingBot.csproj", "{6FCC11DD-64BF-9BA4-FE50-DA137CC88E6F}"
EndProject
Project("{FAE04EC0-301F-11D3-BF4B-00C04F79EFBC}") = "RamFire", "sample-bots-csharp-0.33.1\RamFire\RamFire.csproj", "{58EF4FD1-D7F4-7E0D-570B-D38EE1F8730B}"
EndProject
Project("{FAE04EC0-301F-11D3-BF4B-00C04F79EFBC}") = "SpinBot", "sample-bots-csharp-0.33.1\SpinBot\SpinBot.csproj", "{383F981B-98FB-57B8-EB53-06F80B6FFB9F}"
EndProject
Project("{FAE04EC0-301F-11D3-BF4B-00C04F79EFBC}") = "Target", "sample-bots-csharp-0.33.1\Target\Target.csproj", "{C351787F-F5E2-69E1-65BD-FD5669C3C9C7}"
EndProject
Project("{FAE04EC0-301F-11D3-BF4B-00C04F79EFBC}") = "TrackFire", "sample-bots-csharp-0.33.1\TrackFire\TrackFire.csproj", "{9290E038-2345-F50B-709D-4DAEA3BACE93}"
EndProject
Project("{FAE04EC0-301F-11D3-BF4B-00C04F79EFBC}") = "VelocityBot", "sample-bots-csharp-0.33.1\VelocityBot\VelocityBot.csproj", "{502FD4B9-D2AE-2B59-0C96-CECAD4AEF563}"
EndProject
Project("{FAE04EC0-301F-11D3-BF4B-00C04F79EFBC}") = "Walls", "sample-bots-csharp-0.33.1\Walls\Walls.csproj", "{B5BFDF14-5B8A-177C-AFB1-D235275EACD8}"
EndProject
Global
	GlobalSection(SolutionConfigurationPlatforms) = preSolution
		Debug|Any CPU = Debug|Any CPU
		Release|Any CPU = Release|Any CPU
	EndGlobalSection
	GlobalSection(ProjectConfigurationPlatforms) = postSolution
		{12241248-D0BA-E840-2216-38737530D731}.Debug|Any CPU.ActiveCfg = Debug|Any CPU
		{12241248-D0BA-E840-2216-38737530D731}.Debug|Any CPU.Build.0 = Debug|Any CPU
		{12241248-D0BA-E840-2216-38737530D731}.Release|Any CPU.ActiveCfg = Release|Any CPU
		{12241248-D0BA-E840-2216-38737530D731}.Release|Any CPU.Build.0 = Release|Any CPU
		{F3963FDA-351E-1853-63E4-89C4F613DCB5}.Debug|Any CPU.ActiveCfg = Debug|Any CPU
		{F3963FDA-351E-1853-63E4-89C4F613DCB5}.Debug|Any CPU.Build.0 = Debug|Any CPU
		{F3963FDA-351E-1853-63E4-89C4F613DCB5}.Release|Any CPU.ActiveCfg = Release|Any CPU
		{F3963FDA-351E-1853-63E4-89C4F613DCB5}.Release|Any CPU.Build.0 = Release|Any CPU
		{615D05F5-6A14-9DD7-5EA6-BB8DA8EDC2CD}.Debug|Any CPU.ActiveCfg = Debug|Any CPU
		{615D05F5-6A14-9DD7-5EA6-BB8DA8EDC2CD}.Debug|Any CPU.Build.0 = Debug|Any CPU
		{615D05F5-6A14-9DD7-5EA6-BB8DA8EDC2CD}.Release|Any CPU.ActiveCfg = Release|Any CPU
		{615D05F5-6A14-9DD7-5EA6-BB8DA8EDC2CD}.Release|Any CPU.Build.0 = Release|Any CPU
		{8F0380F0-D802-7411-D55B-EBE249449E79}.Debug|Any CPU.ActiveCfg = Debug|Any CPU
		{8F0380F0-D802-7411-D55B-EBE249449E79}.Debug|Any CPU.Build.0 = Debug|Any CPU
		{8F0380F0-D802-7411-D55B-EBE249449E79}.Release|Any CPU.ActiveCfg = Release|Any CPU
		{8F0380F0-D802-7411-D55B-EBE249449E79}.Release|Any CPU.Build.0 = Release|Any CPU
		{00228994-BCFA-3DF5-124A-2F9BE73CE76D}.Debug|Any CPU.ActiveCfg = Debug|Any CPU
		{00228994-BCFA-3DF5-124A-2F9BE73CE76D}.Debug|Any CPU.Build.0 = Debug|Any CPU
		{00228994-BCFA-3DF5-124A-2F9BE73CE76D}.Release|Any CPU.ActiveCfg = Release|Any CPU
		{00228994-BCFA-3DF5-124A-2F9BE73CE76D}.Release|Any CPU.Build.0 = Release|Any CPU
		{6571FD84-6B29-C7D1-4BEF-4CCFAF06653A}.Debug|Any CPU.ActiveCfg = Debug|Any CPU
		{6571FD84-6B29-C7D1-4BEF-4CCFAF06653A}.Debug|Any CPU.Build.0 = Debug|Any CPU
		{6571FD84-6B29-C7D1-4BEF-4CCFAF06653A}.Release|Any CPU.ActiveCfg = Release|Any CPU
		{6571FD84-6B29-C7D1-4BEF-4CCFAF06653A}.Release|Any CPU.Build.0 = Release|Any CPU
		{6FCC11DD-64BF-9BA4-FE50-DA137CC88E6F}.Debug|Any CPU.ActiveCfg = Debug|Any CPU
		{6FCC11DD-64BF-9BA4-FE50-DA137CC88E6F}.Debug|Any CPU.Build.0 = Debug|Any CPU
		{6FCC11DD-64BF-9BA4-FE50-DA137CC88E6F}.Release|Any CPU.ActiveCfg = Release|Any CPU
		{6FCC11DD-64BF-9BA4-FE50-DA137CC88E6F}.Release|Any CPU.Build.0 = Release|Any CPU
		{58EF4FD1-D7F4-7E0D-570B-D38EE1F8730B}.Debug|Any CPU.ActiveCfg = Debug|Any CPU
		{58EF4FD1-D7F4-7E0D-570B-D38EE1F8730B}.Debug|Any CPU.Build.0 = Debug|Any CPU
		{58EF4FD1-D7F4-7E0D-570B-D38EE1F8730B}.Release|Any CPU.ActiveCfg = Release|Any CPU
		{58EF4FD1-D7F4-7E0D-570B-D38EE1F8730B}.Release|Any CPU.Build.0 = Release|Any CPU
		{383F981B-98FB-57B8-EB53-06F80B6FFB9F}.Debug|Any CPU.ActiveCfg = Debug|Any CPU
		{383F981B-98FB-57B8-EB53-06F80B6FFB9F}.Debug|Any CPU.Build.0 = Debug|Any CPU
		{383F981B-98FB-57B8-EB53-06F80B6FFB9F}.Release|Any CPU.ActiveCfg = Release|Any CPU
		{383F981B-98FB-57B8-EB53-06F80B6FFB9F}.Release|Any CPU.Build.0 = Release|Any CPU
		{C351787F-F5E2-69E1-65BD-FD5669C3C9C7}.Debug|Any CPU.ActiveCfg = Debug|Any CPU
		{C351787F-F5E2-69E1-65BD-FD5669C3C9C7}.Debug|Any CPU.Build.0 = Debug|Any CPU
		{C351787F-F5E2-69E1-65BD-FD5669C3C9C7}.Release|Any CPU.ActiveCfg = Release|Any CPU
		{C351787F-F5E2-69E1-65BD-FD5669C3C9C7}.Release|Any CPU.Build.0 = Release|Any CPU
		{9290E038-2345-F50B-709D-4DAEA3BACE93}.Debug|Any CPU.ActiveCfg = Debug|Any CPU
		{9290E038-2345-F50B-709D-4DAEA3BACE93}.Debug|Any CPU.Build.0 = Debug|Any CPU
		{9290E038-2345-F50B-709D-4DAEA3BACE93}.Release|Any CPU.ActiveCfg = Release|Any CPU
		{9290E038-2345-F50B-709D-4DAEA3BACE93}.Release|Any CPU.Build.0 = Release|Any CPU
		{502FD4B9-D2AE-2B59-0C96-CECAD4AEF563}.Debug|Any CPU.ActiveCfg = Debug|Any CPU
		{502FD4B9-D2AE-2B59-0C96-CECAD4AEF563}.Debug|Any CPU.Build.0 = Debug|Any CPU
		{502FD4B9-D2AE-2B59-0C96-CECAD4AEF563}.Release|Any CPU.ActiveCfg = Release|Any CPU
		{502FD4B9-D2AE-2B59-0C96-CECAD4AEF563}.Release|Any CPU.Build.0 = Release|Any CPU
		{B5BFDF14-5B8A-177C-AFB1-D235275EACD8}.Debug|Any CPU.ActiveCfg = Debug|Any CPU
		{B5BFDF14-5B8A-177C-AFB1-D235275EACD8}.Debug|Any CPU.Build.0 = Debug|Any CPU
		{B5BFDF14-5B8A-177C-AFB1-D235275EACD8}.Release|Any CPU.ActiveCfg = Release|Any CPU
		{B5BFDF14-5B8A-177C-AFB1-D235275EACD8}.Release|Any CPU.Build.0 = Release|Any CPU
	EndGlobalSection
	GlobalSection(SolutionProperties) = preSolution
		HideSolutionNode = FALSE
	EndGlobalSection
	GlobalSection(NestedProjects) = preSolution
		{12241248-D0BA-E840-2216-38737530D731} = {39379059-66B4-EC35-2C49-D3B91CC1A887}
		{F3963FDA-351E-1853-63E4-89C4F613DCB5} = {39379059-66B4-EC35-2C49-D3B91CC1A887}
		{615D05F5-6A14-9DD7-5EA6-BB8DA8EDC2CD} = {39379059-66B4-EC35-2C49-D3B91CC1A887}
		{8F0380F0-D802-7411-D55B-EBE249449E79} = {39379059-66B4-EC35-2C49-D3B91CC1A887}
		{00228994-BCFA-3DF5-124A-2F9BE73CE76D} = {39379059-66B4-EC35-2C49-D3B91CC1A887}
		{6571FD84-6B29-C7D1-4BEF-4CCFAF06653A} = {39379059-66B4-EC35-2C49-D3B91CC1A887}
		{6FCC11DD-64BF-9BA4-FE50-DA137CC88E6F} = {39379059-66B4-EC35-2C49-D3B91CC1A887}
		{58EF4FD1-D7F4-7E0D-570B-D38EE1F8730B} = {39379059-66B4-EC35-2C49-D3B91CC1A887}
		{383F981B-98FB-57B8-EB53-06F80B6FFB9F} = {39379059-66B4-EC35-2C49-D3B91CC1A887}
		{C351787F-F5E2-69E1-65BD-FD5669C3C9C7} = {39379059-66B4-EC35-2C49-D3B91CC1A887}
		{9290E038-2345-F50B-709D-4DAEA3BACE93} = {39379059-66B4-EC35-2C49-D3B91CC1A887}
		{502FD4B9-D2AE-2B59-0C96-CECAD4AEF563} = {39379059-66B4-EC35-2C49-D3B91CC1A887}
		{B5BFDF14-5B8A-177C-AFB1-D235275EACD8} = {39379059-66B4-EC35-2C49-D3B91CC1A887}
	EndGlobalSection
	GlobalSection(ExtensibilityGlobals) = postSolution
		SolutionGuid = {84F84B4C-8CA7-4589-A8D5-E07278EA964D}
	EndGlobalSection
EndGlobal
